
Microsoft Visual Studio Solution File, Format Version 12.00
# Visual Studio Version 16
VisualStudioVersion = 16.0.31424.327
MinimumVisualStudioVersion = 10.0.40219.1
Project("{9A19103F-16F7-4668-BE54-9A1E7A4F7556}") = "EXO", "EXO.csproj", "{80C901F3-C280-443E-AE45-EF46AE2531BC}"
EndProject
Project("{9A19103F-16F7-4668-BE54-9A1E7A4F7556}") = "EXO1", "..\EXO1\EXO1.csproj", "{50DB7C41-0747-4F4B-9657-36D24478A225}"
EndProject
Project("{9A19103F-16F7-4668-BE54-9A1E7A4F7556}") = "EXO2", "..\EXO2\EXO2.csproj", "{8609AFEF-FE64-4F13-AE15-830822BE9FEF}"
EndProject
Project("{9A19103F-16F7-4668-BE54-9A1E7A4F7556}") = "EXO3", "..\EXO3\EXO3.csproj", "{11912E03-B48E-4200-B84C-91B9FE39F094}"
EndProject
Project("{9A19103F-16F7-4668-BE54-9A1E7A4F7556}") = "EXO4", "..\EXO4\EXO4.csproj", "{4B89A9D6-B01A-4A3D-94C5-BFF6F5C91E15}"
EndProject
Project("{9A19103F-16F7-4668-BE54-9A1E7A4F7556}") = "EXO5", "..\EXO5\EXO5.csproj", "{E21F8535-FD50-452A-9684-26F5E5C6D1F6}"
EndProject
Project("{9A19103F-16F7-4668-BE54-9A1E7A4F7556}") = "EXO6", "..\EXO6\EXO6.csproj", "{1ECA39A8-C707-4EB5-8BDB-21999DE2DF60}"
EndProject
Project("{9A19103F-16F7-4668-BE54-9A1E7A4F7556}") = "EXO7", "..\EXO7\EXO7.csproj", "{21D6C3BA-BDD3-4F87-8E3B-50E57ECCB76B}"
EndProject
Project("{FAE04EC0-301F-11D3-BF4B-00C04F79EFBC}") = "EXO8", "..\EXO8\EXO8.csproj", "{9284C363-E61F-4D85-97A5-2CA515416FE6}"
EndProject
Project("{FAE04EC0-301F-11D3-BF4B-00C04F79EFBC}") = "EXO9", "..\EXO9\EXO9.csproj", "{66ECEB42-3B95-4918-A4A0-1B8C89762A49}"
EndProject
Project("{FAE04EC0-301F-11D3-BF4B-00C04F79EFBC}") = "EXO10", "..\EXO10\EXO10.csproj", "{4A3BB28D-4738-4A47-9ED9-3318BDA758E2}"
EndProject
Project("{FAE04EC0-301F-11D3-BF4B-00C04F79EFBC}") = "EXO11", "..\EXO11\EXO11.csproj", "{BC786691-E93C-44C2-8ADD-952ED80123FF}"
EndProject
Project("{FAE04EC0-301F-11D3-BF4B-00C04F79EFBC}") = "EXO12", "..\EXO12\EXO12.csproj", "{FD56919A-4DE5-4662-BF95-9C5CA951A042}"
EndProject
Global
	GlobalSection(SolutionConfigurationPlatforms) = preSolution
		Debug|Any CPU = Debug|Any CPU
		Release|Any CPU = Release|Any CPU
	EndGlobalSection
	GlobalSection(ProjectConfigurationPlatforms) = postSolution
		{80C901F3-C280-443E-AE45-EF46AE2531BC}.Debug|Any CPU.ActiveCfg = Debug|Any CPU
		{80C901F3-C280-443E-AE45-EF46AE2531BC}.Debug|Any CPU.Build.0 = Debug|Any CPU
		{80C901F3-C280-443E-AE45-EF46AE2531BC}.Release|Any CPU.ActiveCfg = Release|Any CPU
		{80C901F3-C280-443E-AE45-EF46AE2531BC}.Release|Any CPU.Build.0 = Release|Any CPU
		{50DB7C41-0747-4F4B-9657-36D24478A225}.Debug|Any CPU.ActiveCfg = Debug|Any CPU
		{50DB7C41-0747-4F4B-9657-36D24478A225}.Debug|Any CPU.Build.0 = Debug|Any CPU
		{50DB7C41-0747-4F4B-9657-36D24478A225}.Release|Any CPU.ActiveCfg = Release|Any CPU
		{50DB7C41-0747-4F4B-9657-36D24478A225}.Release|Any CPU.Build.0 = Release|Any CPU
		{8609AFEF-FE64-4F13-AE15-830822BE9FEF}.Debug|Any CPU.ActiveCfg = Debug|Any CPU
		{8609AFEF-FE64-4F13-AE15-830822BE9FEF}.Debug|Any CPU.Build.0 = Debug|Any CPU
		{8609AFEF-FE64-4F13-AE15-830822BE9FEF}.Release|Any CPU.ActiveCfg = Release|Any CPU
		{8609AFEF-FE64-4F13-AE15-830822BE9FEF}.Release|Any CPU.Build.0 = Release|Any CPU
		{11912E03-B48E-4200-B84C-91B9FE39F094}.Debug|Any CPU.ActiveCfg = Debug|Any CPU
		{11912E03-B48E-4200-B84C-91B9FE39F094}.Debug|Any CPU.Build.0 = Debug|Any CPU
		{11912E03-B48E-4200-B84C-91B9FE39F094}.Release|Any CPU.ActiveCfg = Release|Any CPU
		{11912E03-B48E-4200-B84C-91B9FE39F094}.Release|Any CPU.Build.0 = Release|Any CPU
		{4B89A9D6-B01A-4A3D-94C5-BFF6F5C91E15}.Debug|Any CPU.ActiveCfg = Debug|Any CPU
		{4B89A9D6-B01A-4A3D-94C5-BFF6F5C91E15}.Debug|Any CPU.Build.0 = Debug|Any CPU
		{4B89A9D6-B01A-4A3D-94C5-BFF6F5C91E15}.Release|Any CPU.ActiveCfg = Release|Any CPU
		{4B89A9D6-B01A-4A3D-94C5-BFF6F5C91E15}.Release|Any CPU.Build.0 = Release|Any CPU
		{E21F8535-FD50-452A-9684-26F5E5C6D1F6}.Debug|Any CPU.ActiveCfg = Debug|Any CPU
		{E21F8535-FD50-452A-9684-26F5E5C6D1F6}.Debug|Any CPU.Build.0 = Debug|Any CPU
		{E21F8535-FD50-452A-9684-26F5E5C6D1F6}.Release|Any CPU.ActiveCfg = Release|Any CPU
		{E21F8535-FD50-452A-9684-26F5E5C6D1F6}.Release|Any CPU.Build.0 = Release|Any CPU
		{1ECA39A8-C707-4EB5-8BDB-21999DE2DF60}.Debug|Any CPU.ActiveCfg = Debug|Any CPU
		{1ECA39A8-C707-4EB5-8BDB-21999DE2DF60}.Debug|Any CPU.Build.0 = Debug|Any CPU
		{1ECA39A8-C707-4EB5-8BDB-21999DE2DF60}.Release|Any CPU.ActiveCfg = Release|Any CPU
		{1ECA39A8-C707-4EB5-8BDB-21999DE2DF60}.Release|Any CPU.Build.0 = Release|Any CPU
		{21D6C3BA-BDD3-4F87-8E3B-50E57ECCB76B}.Debug|Any CPU.ActiveCfg = Debug|Any CPU
		{21D6C3BA-BDD3-4F87-8E3B-50E57ECCB76B}.Debug|Any CPU.Build.0 = Debug|Any CPU
		{21D6C3BA-BDD3-4F87-8E3B-50E57ECCB76B}.Release|Any CPU.ActiveCfg = Release|Any CPU
		{21D6C3BA-BDD3-4F87-8E3B-50E57ECCB76B}.Release|Any CPU.Build.0 = Release|Any CPU
		{9284C363-E61F-4D85-97A5-2CA515416FE6}.Debug|Any CPU.ActiveCfg = Debug|Any CPU
		{9284C363-E61F-4D85-97A5-2CA515416FE6}.Debug|Any CPU.Build.0 = Debug|Any CPU
		{9284C363-E61F-4D85-97A5-2CA515416FE6}.Release|Any CPU.ActiveCfg = Release|Any CPU
		{9284C363-E61F-4D85-97A5-2CA515416FE6}.Release|Any CPU.Build.0 = Release|Any CPU
		{66ECEB42-3B95-4918-A4A0-1B8C89762A49}.Debug|Any CPU.ActiveCfg = Debug|Any CPU
		{66ECEB42-3B95-4918-A4A0-1B8C89762A49}.Debug|Any CPU.Build.0 = Debug|Any CPU
		{66ECEB42-3B95-4918-A4A0-1B8C89762A49}.Release|Any CPU.ActiveCfg = Release|Any CPU
		{66ECEB42-3B95-4918-A4A0-1B8C89762A49}.Release|Any CPU.Build.0 = Release|Any CPU
		{4A3BB28D-4738-4A47-9ED9-3318BDA758E2}.Debug|Any CPU.ActiveCfg = Debug|Any CPU
		{4A3BB28D-4738-4A47-9ED9-3318BDA758E2}.Debug|Any CPU.Build.0 = Debug|Any CPU
		{4A3BB28D-4738-4A47-9ED9-3318BDA758E2}.Release|Any CPU.ActiveCfg = Release|Any CPU
		{4A3BB28D-4738-4A47-9ED9-3318BDA758E2}.Release|Any CPU.Build.0 = Release|Any CPU
		{BC786691-E93C-44C2-8ADD-952ED80123FF}.Debug|Any CPU.ActiveCfg = Debug|Any CPU
		{BC786691-E93C-44C2-8ADD-952ED80123FF}.Debug|Any CPU.Build.0 = Debug|Any CPU
		{BC786691-E93C-44C2-8ADD-952ED80123FF}.Release|Any CPU.ActiveCfg = Release|Any CPU
		{BC786691-E93C-44C2-8ADD-952ED80123FF}.Release|Any CPU.Build.0 = Release|Any CPU
		{FD56919A-4DE5-4662-BF95-9C5CA951A042}.Debug|Any CPU.ActiveCfg = Debug|Any CPU
		{FD56919A-4DE5-4662-BF95-9C5CA951A042}.Debug|Any CPU.Build.0 = Debug|Any CPU
		{FD56919A-4DE5-4662-BF95-9C5CA951A042}.Release|Any CPU.ActiveCfg = Release|Any CPU
		{FD56919A-4DE5-4662-BF95-9C5CA951A042}.Release|Any CPU.Build.0 = Release|Any CPU
	EndGlobalSection
	GlobalSection(SolutionProperties) = preSolution
		HideSolutionNode = FALSE
	EndGlobalSection
	GlobalSection(ExtensibilityGlobals) = postSolution
		SolutionGuid = {0780ACBF-CA5E-47CD-8066-6F739D0047FF}
	EndGlobalSection
EndGlobal
